
Microsoft Visual Studio Solution File, Format Version 12.00
# Visual Studio Version 17
VisualStudioVersion = 17.4.33103.184
MinimumVisualStudioVersion = 10.0.40219.1
Project("{FAE04EC0-301F-11D3-BF4B-00C04F79EFBC}") = "DisplayPerson", "DisplayPerson.csproj", "{B0078CF9-7A6F-4334-9D06-2CEAECCC8D7B}"
EndProject
Global
	GlobalSection(SolutionConfigurationPlatforms) = preSolution
		Debug|Any CPU = Debug|Any CPU
		Release|Any CPU = Release|Any CPU
	EndGlobalSection
	GlobalSection(ProjectConfigurationPlatforms) = postSolution
		{B0078CF9-7A6F-4334-9D06-2CEAECCC8D7B}.Debug|Any CPU.ActiveCfg = Debug|Any CPU
		{B0078CF9-7A6F-4334-9D06-2CEAECCC8D7B}.Debug|Any CPU.Build.0 = Debug|Any CPU
		{B0078CF9-7A6F-4334-9D06-2CEAECCC8D7B}.Release|Any CPU.ActiveCfg = Release|Any CPU
		{B0078CF9-7A6F-4334-9D06-2CEAECCC8D7B}.Release|Any CPU.Build.0 = Release|Any CPU
	EndGlobalSection
	GlobalSection(SolutionProperties) = preSolution
		HideSolutionNode = FALSE
	EndGlobalSection
	GlobalSection(ExtensibilityGlobals) = postSolution
		SolutionGuid = {D70C3939-E317-404E-81BE-7C596D40BF48}
	EndGlobalSection
EndGlobal
